
Microsoft Visual Studio Solution File, Format Version 12.00
# Visual Studio Version 17
VisualStudioVersion = 17.5.2.0
MinimumVisualStudioVersion = 10.0.40219.1
Project("{FAE04EC0-301F-11D3-BF4B-00C04F79EFBC}") = "Farrellsoft.Example.SurveyDataApi", "Farrellsoft.Example.SurveyDataApi.csproj", "{71A52302-480F-34F8-BD34-83DBD60055AA}"
EndProject
Project("{FAE04EC0-301F-11D3-BF4B-00C04F79EFBC}") = "Farrellsoft.Example.SurveyDataApi.Tests", "..\Farrellsoft.Example.SurveyDataApi.Tests\Farrellsoft.Example.SurveyDataApi.Tests.csproj", "{C4E98FEA-0711-4367-A23D-FF06076C40A7}"
EndProject
Global
	GlobalSection(SolutionConfigurationPlatforms) = preSolution
		Debug|Any CPU = Debug|Any CPU
		Debug|x64 = Debug|x64
		Debug|x86 = Debug|x86
		Release|Any CPU = Release|Any CPU
		Release|x64 = Release|x64
		Release|x86 = Release|x86
	EndGlobalSection
	GlobalSection(ProjectConfigurationPlatforms) = postSolution
		{71A52302-480F-34F8-BD34-83DBD60055AA}.Debug|Any CPU.ActiveCfg = Debug|Any CPU
		{71A52302-480F-34F8-BD34-83DBD60055AA}.Debug|Any CPU.Build.0 = Debug|Any CPU
		{71A52302-480F-34F8-BD34-83DBD60055AA}.Debug|x64.ActiveCfg = Debug|Any CPU
		{71A52302-480F-34F8-BD34-83DBD60055AA}.Debug|x64.Build.0 = Debug|Any CPU
		{71A52302-480F-34F8-BD34-83DBD60055AA}.Debug|x86.ActiveCfg = Debug|Any CPU
		{71A52302-480F-34F8-BD34-83DBD60055AA}.Debug|x86.Build.0 = Debug|Any CPU
		{71A52302-480F-34F8-BD34-83DBD60055AA}.Release|Any CPU.ActiveCfg = Release|Any CPU
		{71A52302-480F-34F8-BD34-83DBD60055AA}.Release|Any CPU.Build.0 = Release|Any CPU
		{71A52302-480F-34F8-BD34-83DBD60055AA}.Release|x64.ActiveCfg = Release|Any CPU
		{71A52302-480F-34F8-BD34-83DBD60055AA}.Release|x64.Build.0 = Release|Any CPU
		{71A52302-480F-34F8-BD34-83DBD60055AA}.Release|x86.ActiveCfg = Release|Any CPU
		{71A52302-480F-34F8-BD34-83DBD60055AA}.Release|x86.Build.0 = Release|Any CPU
		{C4E98FEA-0711-4367-A23D-FF06076C40A7}.Debug|Any CPU.ActiveCfg = Debug|Any CPU
		{C4E98FEA-0711-4367-A23D-FF06076C40A7}.Debug|Any CPU.Build.0 = Debug|Any CPU
		{C4E98FEA-0711-4367-A23D-FF06076C40A7}.Debug|x64.ActiveCfg = Debug|Any CPU
		{C4E98FEA-0711-4367-A23D-FF06076C40A7}.Debug|x64.Build.0 = Debug|Any CPU
		{C4E98FEA-0711-4367-A23D-FF06076C40A7}.Debug|x86.ActiveCfg = Debug|Any CPU
		{C4E98FEA-0711-4367-A23D-FF06076C40A7}.Debug|x86.Build.0 = Debug|Any CPU
		{C4E98FEA-0711-4367-A23D-FF06076C40A7}.Release|Any CPU.ActiveCfg = Release|Any CPU
		{C4E98FEA-0711-4367-A23D-FF06076C40A7}.Release|Any CPU.Build.0 = Release|Any CPU
		{C4E98FEA-0711-4367-A23D-FF06076C40A7}.Release|x64.ActiveCfg = Release|Any CPU
		{C4E98FEA-0711-4367-A23D-FF06076C40A7}.Release|x64.Build.0 = Release|Any CPU
		{C4E98FEA-0711-4367-A23D-FF06076C40A7}.Release|x86.ActiveCfg = Release|Any CPU
		{C4E98FEA-0711-4367-A23D-FF06076C40A7}.Release|x86.Build.0 = Release|Any CPU
	EndGlobalSection
	GlobalSection(SolutionProperties) = preSolution
		HideSolutionNode = FALSE
	EndGlobalSection
	GlobalSection(ExtensibilityGlobals) = postSolution
		SolutionGuid = {7F0B6DF3-890D-486A-B012-847F4EADD421}
	EndGlobalSection
EndGlobal
